
Microsoft Visual Studio Solution File, Format Version 12.00
# Visual Studio Version 16
VisualStudioVersion = 16.0.30330.147
MinimumVisualStudioVersion = 15.0.26124.0
Project("{9A19103F-16F7-4668-BE54-9A1E7A4F7556}") = "Domain", "Domain\Domain.csproj", "{54CBDEAA-49B6-48DD-9715-6F824D9DB1AE}"
EndProject
Project("{9A19103F-16F7-4668-BE54-9A1E7A4F7556}") = "Application", "Application\Application.csproj", "{6AA9340D-0690-41B0-8DBA-DFED04DE74F3}"
EndProject
Project("{9A19103F-16F7-4668-BE54-9A1E7A4F7556}") = "API", "API\API.csproj", "{7E324D73-17E9-46DA-A02A-A18B7F585CDC}"
EndProject
Project("{9A19103F-16F7-4668-BE54-9A1E7A4F7556}") = "Persistence", "Persistence\Persistence.csproj", "{B8D609A6-D8FF-4B78-8759-7DCEEAB8B6A2}"
EndProject
Project("{FAE04EC0-301F-11D3-BF4B-00C04F79EFBC}") = "Infrastructure", "Infrastructure\Infrastructure.csproj", "{99A7873A-5363-458B-82C0-D990C4387A1F}"
EndProject
Global
	GlobalSection(SolutionConfigurationPlatforms) = preSolution
		Debug|Any CPU = Debug|Any CPU
		Debug|x64 = Debug|x64
		Debug|x86 = Debug|x86
		Release|Any CPU = Release|Any CPU
		Release|x64 = Release|x64
		Release|x86 = Release|x86
	EndGlobalSection
	GlobalSection(ProjectConfigurationPlatforms) = postSolution
		{54CBDEAA-49B6-48DD-9715-6F824D9DB1AE}.Debug|Any CPU.ActiveCfg = Debug|Any CPU
		{54CBDEAA-49B6-48DD-9715-6F824D9DB1AE}.Debug|Any CPU.Build.0 = Debug|Any CPU
		{54CBDEAA-49B6-48DD-9715-6F824D9DB1AE}.Debug|x64.ActiveCfg = Debug|Any CPU
		{54CBDEAA-49B6-48DD-9715-6F824D9DB1AE}.Debug|x64.Build.0 = Debug|Any CPU
		{54CBDEAA-49B6-48DD-9715-6F824D9DB1AE}.Debug|x86.ActiveCfg = Debug|Any CPU
		{54CBDEAA-49B6-48DD-9715-6F824D9DB1AE}.Debug|x86.Build.0 = Debug|Any CPU
		{54CBDEAA-49B6-48DD-9715-6F824D9DB1AE}.Release|Any CPU.ActiveCfg = Release|Any CPU
		{54CBDEAA-49B6-48DD-9715-6F824D9DB1AE}.Release|Any CPU.Build.0 = Release|Any CPU
		{54CBDEAA-49B6-48DD-9715-6F824D9DB1AE}.Release|x64.ActiveCfg = Release|Any CPU
		{54CBDEAA-49B6-48DD-9715-6F824D9DB1AE}.Release|x64.Build.0 = Release|Any CPU
		{54CBDEAA-49B6-48DD-9715-6F824D9DB1AE}.Release|x86.ActiveCfg = Release|Any CPU
		{54CBDEAA-49B6-48DD-9715-6F824D9DB1AE}.Release|x86.Build.0 = Release|Any CPU
		{6AA9340D-0690-41B0-8DBA-DFED04DE74F3}.Debug|Any CPU.ActiveCfg = Debug|Any CPU
		{6AA9340D-0690-41B0-8DBA-DFED04DE74F3}.Debug|Any CPU.Build.0 = Debug|Any CPU
		{6AA9340D-0690-41B0-8DBA-DFED04DE74F3}.Debug|x64.ActiveCfg = Debug|Any CPU
		{6AA9340D-0690-41B0-8DBA-DFED04DE74F3}.Debug|x64.Build.0 = Debug|Any CPU
		{6AA9340D-0690-41B0-8DBA-DFED04DE74F3}.Debug|x86.ActiveCfg = Debug|Any CPU
		{6AA9340D-0690-41B0-8DBA-DFED04DE74F3}.Debug|x86.Build.0 = Debug|Any CPU
		{6AA9340D-0690-41B0-8DBA-DFED04DE74F3}.Release|Any CPU.ActiveCfg = Release|Any CPU
		{6AA9340D-0690-41B0-8DBA-DFED04DE74F3}.Release|Any CPU.Build.0 = Release|Any CPU
		{6AA9340D-0690-41B0-8DBA-DFED04DE74F3}.Release|x64.ActiveCfg = Release|Any CPU
		{6AA9340D-0690-41B0-8DBA-DFED04DE74F3}.Release|x64.Build.0 = Release|Any CPU
		{6AA9340D-0690-41B0-8DBA-DFED04DE74F3}.Release|x86.ActiveCfg = Release|Any CPU
		{6AA9340D-0690-41B0-8DBA-DFED04DE74F3}.Release|x86.Build.0 = Release|Any CPU
		{7E324D73-17E9-46DA-A02A-A18B7F585CDC}.Debug|Any CPU.ActiveCfg = Debug|Any CPU
		{7E324D73-17E9-46DA-A02A-A18B7F585CDC}.Debug|Any CPU.Build.0 = Debug|Any CPU
		{7E324D73-17E9-46DA-A02A-A18B7F585CDC}.Debug|x64.ActiveCfg = Debug|Any CPU
		{7E324D73-17E9-46DA-A02A-A18B7F585CDC}.Debug|x64.Build.0 = Debug|Any CPU
		{7E324D73-17E9-46DA-A02A-A18B7F585CDC}.Debug|x86.ActiveCfg = Debug|Any CPU
		{7E324D73-17E9-46DA-A02A-A18B7F585CDC}.Debug|x86.Build.0 = Debug|Any CPU
		{7E324D73-17E9-46DA-A02A-A18B7F585CDC}.Release|Any CPU.ActiveCfg = Release|Any CPU
		{7E324D73-17E9-46DA-A02A-A18B7F585CDC}.Release|Any CPU.Build.0 = Release|Any CPU
		{7E324D73-17E9-46DA-A02A-A18B7F585CDC}.Release|x64.ActiveCfg = Release|Any CPU
		{7E324D73-17E9-46DA-A02A-A18B7F585CDC}.Release|x64.Build.0 = Release|Any CPU
		{7E324D73-17E9-46DA-A02A-A18B7F585CDC}.Release|x86.ActiveCfg = Release|Any CPU
		{7E324D73-17E9-46DA-A02A-A18B7F585CDC}.Release|x86.Build.0 = Release|Any CPU
		{B8D609A6-D8FF-4B78-8759-7DCEEAB8B6A2}.Debug|Any CPU.ActiveCfg = Debug|Any CPU
		{B8D609A6-D8FF-4B78-8759-7DCEEAB8B6A2}.Debug|Any CPU.Build.0 = Debug|Any CPU
		{B8D609A6-D8FF-4B78-8759-7DCEEAB8B6A2}.Debug|x64.ActiveCfg = Debug|Any CPU
		{B8D609A6-D8FF-4B78-8759-7DCEEAB8B6A2}.Debug|x64.Build.0 = Debug|Any CPU
		{B8D609A6-D8FF-4B78-8759-7DCEEAB8B6A2}.Debug|x86.ActiveCfg = Debug|Any CPU
		{B8D609A6-D8FF-4B78-8759-7DCEEAB8B6A2}.Debug|x86.Build.0 = Debug|Any CPU
		{B8D609A6-D8FF-4B78-8759-7DCEEAB8B6A2}.Release|Any CPU.ActiveCfg = Release|Any CPU
		{B8D609A6-D8FF-4B78-8759-7DCEEAB8B6A2}.Release|Any CPU.Build.0 = Release|Any CPU
		{B8D609A6-D8FF-4B78-8759-7DCEEAB8B6A2}.Release|x64.ActiveCfg = Release|Any CPU
		{B8D609A6-D8FF-4B78-8759-7DCEEAB8B6A2}.Release|x64.Build.0 = Release|Any CPU
		{B8D609A6-D8FF-4B78-8759-7DCEEAB8B6A2}.Release|x86.ActiveCfg = Release|Any CPU
		{B8D609A6-D8FF-4B78-8759-7DCEEAB8B6A2}.Release|x86.Build.0 = Release|Any CPU
		{99A7873A-5363-458B-82C0-D990C4387A1F}.Debug|Any CPU.ActiveCfg = Debug|Any CPU
		{99A7873A-5363-458B-82C0-D990C4387A1F}.Debug|Any CPU.Build.0 = Debug|Any CPU
		{99A7873A-5363-458B-82C0-D990C4387A1F}.Debug|x64.ActiveCfg = Debug|Any CPU
		{99A7873A-5363-458B-82C0-D990C4387A1F}.Debug|x64.Build.0 = Debug|Any CPU
		{99A7873A-5363-458B-82C0-D990C4387A1F}.Debug|x86.ActiveCfg = Debug|Any CPU
		{99A7873A-5363-458B-82C0-D990C4387A1F}.Debug|x86.Build.0 = Debug|Any CPU
		{99A7873A-5363-458B-82C0-D990C4387A1F}.Release|Any CPU.ActiveCfg = Release|Any CPU
		{99A7873A-5363-458B-82C0-D990C4387A1F}.Release|Any CPU.Build.0 = Release|Any CPU
		{99A7873A-5363-458B-82C0-D990C4387A1F}.Release|x64.ActiveCfg = Release|Any CPU
		{99A7873A-5363-458B-82C0-D990C4387A1F}.Release|x64.Build.0 = Release|Any CPU
		{99A7873A-5363-458B-82C0-D990C4387A1F}.Release|x86.ActiveCfg = Release|Any CPU
		{99A7873A-5363-458B-82C0-D990C4387A1F}.Release|x86.Build.0 = Release|Any CPU
	EndGlobalSection
	GlobalSection(SolutionProperties) = preSolution
		HideSolutionNode = FALSE
	EndGlobalSection
	GlobalSection(ExtensibilityGlobals) = postSolution
		SolutionGuid = {F6D0ED66-4EB3-49E2-A440-A89943C26D0B}
	EndGlobalSection
EndGlobal
